// !$*UTF8*$!
{
	archiveVersion = 1;
	classes = {
	};
	objectVersion = 46;
	objects = {

/* Begin PBXBuildFile section */
		6E379EAC1EE14948004C4525 /* main.cpp in Sources */ = {isa = PBXBuildFile; fileRef = 6E379EAB1EE14948004C4525 /* main.cpp */; };
		6E379EB41EE14995004C4525 /* BankCharges.cpp in Sources */ = {isa = PBXBuildFile; fileRef = 6E379EB31EE14995004C4525 /* BankCharges.cpp */; };
		6E379EB61EE149BC004C4525 /* EnergyDrinkConsumption.cpp in Sources */ = {isa = PBXBuildFile; fileRef = 6E379EB51EE149BC004C4525 /* EnergyDrinkConsumption.cpp */; };
		6E379EBB1EE18C2A004C4525 /* LowestScoreDrop.cpp in Sources */ = {isa = PBXBuildFile; fileRef = 6E379EBA1EE18C29004C4525 /* LowestScoreDrop.cpp */; };
		6EE73F501EE1F233008D33C4 /* ProductionWorker.cpp in Sources */ = {isa = PBXBuildFile; fileRef = 6EE73F4F1EE1F233008D33C4 /* ProductionWorker.cpp */; };
/* End PBXBuildFile section */

/* Begin PBXCopyFilesBuildPhase section */
		6E379EA61EE14948004C4525 /* CopyFiles */ = {
			isa = PBXCopyFilesBuildPhase;
			buildActionMask = 2147483647;
			dstPath = /usr/share/man/man1/;
			dstSubfolderSpec = 0;
			files = (
			);
			runOnlyForDeploymentPostprocessing = 1;
		};
/* End PBXCopyFilesBuildPhase section */

/* Begin PBXFileReference section */
		6E379EA81EE14948004C4525 /* JuneFinalExamCodeProject */ = {isa = PBXFileReference; explicitFileType = "compiled.mach-o.executable"; includeInIndex = 0; path = JuneFinalExamCodeProject; sourceTree = BUILT_PRODUCTS_DIR; };
		6E379EAB1EE14948004C4525 /* main.cpp */ = {isa = PBXFileReference; lastKnownFileType = sourcecode.cpp.cpp; path = main.cpp; sourceTree = "<group>"; };
		6E379EB21EE14971004C4525 /* BankCharges.h */ = {isa = PBXFileReference; lastKnownFileType = sourcecode.c.h; path = BankCharges.h; sourceTree = "<group>"; };
		6E379EB31EE14995004C4525 /* BankCharges.cpp */ = {isa = PBXFileReference; fileEncoding = 4; lastKnownFileType = sourcecode.cpp.cpp; path = BankCharges.cpp; sourceTree = "<group>"; };
		6E379EB51EE149BC004C4525 /* EnergyDrinkConsumption.cpp */ = {isa = PBXFileReference; fileEncoding = 4; lastKnownFileType = sourcecode.cpp.cpp; path = EnergyDrinkConsumption.cpp; sourceTree = "<group>"; };
		6E379EB71EE149D8004C4525 /* EnergyDrinkConsumption.h */ = {isa = PBXFileReference; lastKnownFileType = sourcecode.c.h; path = EnergyDrinkConsumption.h; sourceTree = "<group>"; };
		6E379EB81EE1554D004C4525 /* BankCharges.txt */ = {isa = PBXFileReference; fileEncoding = 4; lastKnownFileType = text; path = BankCharges.txt; sourceTree = "<group>"; };
		6E379EB91EE18C1B004C4525 /* LowestScoreDrop.h */ = {isa = PBXFileReference; lastKnownFileType = sourcecode.c.h; path = LowestScoreDrop.h; sourceTree = "<group>"; };
		6E379EBA1EE18C29004C4525 /* LowestScoreDrop.cpp */ = {isa = PBXFileReference; fileEncoding = 4; lastKnownFileType = sourcecode.cpp.cpp; path = LowestScoreDrop.cpp; sourceTree = "<group>"; };
		6EE73F4B1EE1E51B008D33C4 /* EmployeeAndProductionWorkerClasses.h */ = {isa = PBXFileReference; lastKnownFileType = sourcecode.c.h; path = EmployeeAndProductionWorkerClasses.h; sourceTree = "<group>"; };
		6EE73F4E1EE1E9E6008D33C4 /* ProductionWorker.h */ = {isa = PBXFileReference; lastKnownFileType = sourcecode.c.h; path = ProductionWorker.h; sourceTree = "<group>"; };
		6EE73F4F1EE1F233008D33C4 /* ProductionWorker.cpp */ = {isa = PBXFileReference; fileEncoding = 4; lastKnownFileType = sourcecode.cpp.cpp; name = ProductionWorker.cpp; path = ../ProductionWorker.cpp; sourceTree = "<group>"; };
/* End PBXFileReference section */

/* Begin PBXFrameworksBuildPhase section */
		6E379EA51EE14948004C4525 /* Frameworks */ = {
			isa = PBXFrameworksBuildPhase;
			buildActionMask = 2147483647;
			files = (
			);
			runOnlyForDeploymentPostprocessing = 0;
		};
/* End PBXFrameworksBuildPhase section */

/* Begin PBXGroup section */
		6E379E9F1EE14948004C4525 = {
			isa = PBXGroup;
			children = (
				6E379EAA1EE14948004C4525 /* JuneFinalExamCodeProject */,
				6E379EA91EE14948004C4525 /* Products */,
			);
			sourceTree = "<group>";
		};
		6E379EA91EE14948004C4525 /* Products */ = {
			isa = PBXGroup;
			children = (
				6E379EA81EE14948004C4525 /* JuneFinalExamCodeProject */,
			);
			name = Products;
			sourceTree = "<group>";
		};
		6E379EAA1EE14948004C4525 /* JuneFinalExamCodeProject */ = {
			isa = PBXGroup;
			children = (
				6E379EAB1EE14948004C4525 /* main.cpp */,
				6EE73F4B1EE1E51B008D33C4 /* EmployeeAndProductionWorkerClasses.h */,
				6EE73F4F1EE1F233008D33C4 /* ProductionWorker.cpp */,
				6EE73F4E1EE1E9E6008D33C4 /* ProductionWorker.h */,
				6E379EB91EE18C1B004C4525 /* LowestScoreDrop.h */,
				6E379EBA1EE18C29004C4525 /* LowestScoreDrop.cpp */,
				6E379EB21EE14971004C4525 /* BankCharges.h */,
				6E379EB31EE14995004C4525 /* BankCharges.cpp */,
				6E379EB81EE1554D004C4525 /* BankCharges.txt */,
				6E379EB51EE149BC004C4525 /* EnergyDrinkConsumption.cpp */,
				6E379EB71EE149D8004C4525 /* EnergyDrinkConsumption.h */,
			);
			path = JuneFinalExamCodeProject;
			sourceTree = "<group>";
		};
/* End PBXGroup section */

/* Begin PBXNativeTarget section */
		6E379EA71EE14948004C4525 /* JuneFinalExamCodeProject */ = {
			isa = PBXNativeTarget;
			buildConfigurationList = 6E379EAF1EE14948004C4525 /* Build configuration list for PBXNativeTarget "JuneFinalExamCodeProject" */;
			buildPhases = (
				6E379EA41EE14948004C4525 /* Sources */,
				6E379EA51EE14948004C4525 /* Frameworks */,
				6E379EA61EE14948004C4525 /* CopyFiles */,
			);
			buildRules = (
			);
			dependencies = (
			);
			name = JuneFinalExamCodeProject;
			productName = JuneFinalExamCodeProject;
			productReference = 6E379EA81EE14948004C4525 /* JuneFinalExamCodeProject */;
			productType = "com.apple.product-type.tool";
		};
/* End PBXNativeTarget section */

/* Begin PBXProject section */
		6E379EA01EE14948004C4525 /* Project object */ = {
			isa = PBXProject;
			attributes = {
				LastUpgradeCheck = 0830;
				ORGANIZATIONNAME = "Trevis Jontaé Fields";
				TargetAttributes = {
					6E379EA71EE14948004C4525 = {
						CreatedOnToolsVersion = 8.3.2;
						ProvisioningStyle = Automatic;
					};
				};
			};
			buildConfigurationList = 6E379EA31EE14948004C4525 /* Build configuration list for PBXProject "JuneFinalExamCodeProject" */;
			compatibilityVersion = "Xcode 3.2";
			developmentRegion = English;
			hasScannedForEncodings = 0;
			knownRegions = (
				en,
			);
			mainGroup = 6E379E9F1EE14948004C4525;
			productRefGroup = 6E379EA91EE14948004C4525 /* Products */;
			projectDirPath = "";
			projectRoot = "";
			targets = (
				6E379EA71EE14948004C4525 /* JuneFinalExamCodeProject */,
			);
		};
/* End PBXProject section */

/* Begin PBXSourcesBuildPhase section */
		6E379EA41EE14948004C4525 /* Sources */ = {
			isa = PBXSourcesBuildPhase;
			buildActionMask = 2147483647;
			files = (
				6EE73F501EE1F233008D33C4 /* ProductionWorker.cpp in Sources */,
				6E379EAC1EE14948004C4525 /* main.cpp in Sources */,
				6E379EB61EE149BC004C4525 /* EnergyDrinkConsumption.cpp in Sources */,
				6E379EB41EE14995004C4525 /* BankCharges.cpp in Sources */,
				6E379EBB1EE18C2A004C4525 /* LowestScoreDrop.cpp in Sources */,
			);
			runOnlyForDeploymentPostprocessing = 0;
		};
/* End PBXSourcesBuildPhase section */

/* Begin XCBuildConfiguration section */
		6E379EAD1EE14948004C4525 /* Debug */ = {
			isa = XCBuildConfiguration;
			buildSettings = {
				ALWAYS_SEARCH_USER_PATHS = NO;
				CLANG_ANALYZER_NONNULL = YES;
				CLANG_ANALYZER_NUMBER_OBJECT_CONVERSION = YES_AGGRESSIVE;
				CLANG_CXX_LANGUAGE_STANDARD = "gnu++0x";
				CLANG_CXX_LIBRARY = "libc++";
				CLANG_ENABLE_MODULES = YES;
				CLANG_ENABLE_OBJC_ARC = YES;
				CLANG_WARN_BOOL_CONVERSION = YES;
				CLANG_WARN_CONSTANT_CONVERSION = YES;
				CLANG_WARN_DIRECT_OBJC_ISA_USAGE = YES_ERROR;
				CLANG_WARN_DOCUMENTATION_COMMENTS = YES;
				CLANG_WARN_EMPTY_BODY = YES;
				CLANG_WARN_ENUM_CONVERSION = YES;
				CLANG_WARN_INFINITE_RECURSION = YES;
				CLANG_WARN_INT_CONVERSION = YES;
				CLANG_WARN_OBJC_ROOT_CLASS = YES_ERROR;
				CLANG_WARN_SUSPICIOUS_MOVE = YES;
				CLANG_WARN_UNREACHABLE_CODE = YES;
				CLANG_WARN__DUPLICATE_METHOD_MATCH = YES;
				CODE_SIGN_IDENTITY = "-";
				COPY_PHASE_STRIP = NO;
				DEBUG_INFORMATION_FORMAT = dwarf;
				ENABLE_STRICT_OBJC_MSGSEND = YES;
				ENABLE_TESTABILITY = YES;
				GCC_C_LANGUAGE_STANDARD = gnu99;
				GCC_DYNAMIC_NO_PIC = NO;
				GCC_NO_COMMON_BLOCKS = YES;
				GCC_OPTIMIZATION_LEVEL = 0;
				GCC_PREPROCESSOR_DEFINITIONS = (
					"DEBUG=1",
					"$(inherited)",
				);
				GCC_WARN_64_TO_32_BIT_CONVERSION = YES;
				GCC_WARN_ABOUT_RETURN_TYPE = YES_ERROR;
				GCC_WARN_UNDECLARED_SELECTOR = YES;
				GCC_WARN_UNINITIALIZED_AUTOS = YES_AGGRESSIVE;
				GCC_WARN_UNUSED_FUNCTION = YES;
				GCC_WARN_UNUSED_VARIABLE = YES;
				MACOSX_DEPLOYMENT_TARGET = 10.12;
				MTL_ENABLE_DEBUG_INFO = YES;
				ONLY_ACTIVE_ARCH = YES;
				SDKROOT = macosx;
			};
			name = Debug;
		};
		6E379EAE1EE14948004C4525 /* Release */ = {
			isa = XCBuildConfiguration;
			buildSettings = {
				ALWAYS_SEARCH_USER_PATHS = NO;
				CLANG_ANALYZER_NONNULL = YES;
				CLANG_ANALYZER_NUMBER_OBJECT_CONVERSION = YES_AGGRESSIVE;
				CLANG_CXX_LANGUAGE_STANDARD = "gnu++0x";
				CLANG_CXX_LIBRARY = "libc++";
				CLANG_ENABLE_MODULES = YES;
				CLANG_ENABLE_OBJC_ARC = YES;
				CLANG_WARN_BOOL_CONVERSION = YES;
				CLANG_WARN_CONSTANT_CONVERSION = YES;
				CLANG_WARN_DIRECT_OBJC_ISA_USAGE = YES_ERROR;
				CLANG_WARN_DOCUMENTATION_COMMENTS = YES;
				CLANG_WARN_EMPTY_BODY = YES;
				CLANG_WARN_ENUM_CONVERSION = YES;
				CLANG_WARN_INFINITE_RECURSION = YES;
				CLANG_WARN_INT_CONVERSION = YES;
				CLANG_WARN_OBJC_ROOT_CLASS = YES_ERROR;
				CLANG_WARN_SUSPICIOUS_MOVE = YES;
				CLANG_WARN_UNREACHABLE_CODE = YES;
				CLANG_WARN__DUPLICATE_METHOD_MATCH = YES;
				CODE_SIGN_IDENTITY = "-";
				COPY_PHASE_STRIP = NO;
				DEBUG_INFORMATION_FORMAT = "dwarf-with-dsym";
				ENABLE_NS_ASSERTIONS = NO;
				ENABLE_STRICT_OBJC_MSGSEND = YES;
				GCC_C_LANGUAGE_STANDARD = gnu99;
				GCC_NO_COMMON_BLOCKS = YES;
				GCC_WARN_64_TO_32_BIT_CONVERSION = YES;
				GCC_WARN_ABOUT_RETURN_TYPE = YES_ERROR;
				GCC_WARN_UNDECLARED_SELECTOR = YES;
				GCC_WARN_UNINITIALIZED_AUTOS = YES_AGGRESSIVE;
				GCC_WARN_UNUSED_FUNCTION = YES;
				GCC_WARN_UNUSED_VARIABLE = YES;
				MACOSX_DEPLOYMENT_TARGET = 10.12;
				MTL_ENABLE_DEBUG_INFO = NO;
				SDKROOT = macosx;
			};
			name = Release;
		};
		6E379EB01EE14948004C4525 /* Debug */ = {
			isa = XCBuildConfiguration;
			buildSettings = {
				PRODUCT_NAME = "$(TARGET_NAME)";
			};
			name = Debug;
		};
		6E379EB11EE14948004C4525 /* Release */ = {
			isa = XCBuildConfiguration;
			buildSettings = {
				PRODUCT_NAME = "$(TARGET_NAME)";
			};
			name = Release;
		};
/* End XCBuildConfiguration section */

/* Begin XCConfigurationList section */
		6E379EA31EE14948004C4525 /* Build configuration list for PBXProject "JuneFinalExamCodeProject" */ = {
			isa = XCConfigurationList;
			buildConfigurations = (
				6E379EAD1EE14948004C4525 /* Debug */,
				6E379EAE1EE14948004C4525 /* Release */,
			);
			defaultConfigurationIsVisible = 0;
			defaultConfigurationName = Release;
		};
		6E379EAF1EE14948004C4525 /* Build configuration list for PBXNativeTarget "JuneFinalExamCodeProject" */ = {
			isa = XCConfigurationList;
			buildConfigurations = (
				6E379EB01EE14948004C4525 /* Debug */,
				6E379EB11EE14948004C4525 /* Release */,
			);
			defaultConfigurationIsVisible = 0;
			defaultConfigurationName = Release;
		};
/* End XCConfigurationList section */
	};
	rootObject = 6E379EA01EE14948004C4525 /* Project object */;
}
